# This file is autogenerated, do not edit; changes may be undone by the next 'dep ensure'.


[[projects]]
  name = "github.com/oracle/oci-go-sdk"
  packages = [
    "common",
    "core"
  ]
  revision = "3fdba2e4d1424ab7b77853c633b40caf31ff9ceb"
  version = "v3.0.0"

[solve-meta]
  analyzer-name = "dep"
  analyzer-version = 1
  inputs-digest = "1c84f71e7be9a526b6a4748357cd9390c08d4eb33cbdbc46510298974fada7b1"
  solver-name = "gps-cdcl"
  solver-version = 1
